
Microsoft Visual Studio Solution File, Format Version 12.00
# Visual Studio 2013
VisualStudioVersion = 12.0.31101.0
MinimumVisualStudioVersion = 10.0.40219.1
Project("{E24C65DC-7377-472B-9ABA-BC803B73C61A}") = "rev", "http://localhost:52519", "{DEC474F1-2EC0-4318-83AF-32047E2608BF}"
	ProjectSection(WebsiteProperties) = preProject
		UseIISExpress = "true"
		TargetFrameworkMoniker = ".NETFramework,Version%3Dv4.5"
		Debug.AspNetCompiler.VirtualPath = "/localhost_52519"
		Debug.AspNetCompiler.PhysicalPath = "..\..\..\..\Desktop\tsu-mock\rev\"
		Debug.AspNetCompiler.TargetPath = "PrecompiledWeb\localhost_52519\"
		Debug.AspNetCompiler.Updateable = "true"
		Debug.AspNetCompiler.ForceOverwrite = "true"
		Debug.AspNetCompiler.FixedNames = "false"
		Debug.AspNetCompiler.Debug = "True"
		Release.AspNetCompiler.VirtualPath = "/localhost_52519"
		Release.AspNetCompiler.PhysicalPath = "..\..\..\..\Desktop\tsu-mock\rev\"
		Release.AspNetCompiler.TargetPath = "PrecompiledWeb\localhost_52519\"
		Release.AspNetCompiler.Updateable = "true"
		Release.AspNetCompiler.ForceOverwrite = "true"
		Release.AspNetCompiler.FixedNames = "false"
		Release.AspNetCompiler.Debug = "False"
		SlnRelativePath = "..\..\..\..\Desktop\tsu-mock\rev\"
	EndProjectSection
EndProject
Global
	GlobalSection(SolutionConfigurationPlatforms) = preSolution
		Debug|Any CPU = Debug|Any CPU
	EndGlobalSection
	GlobalSection(ProjectConfigurationPlatforms) = postSolution
		{DEC474F1-2EC0-4318-83AF-32047E2608BF}.Debug|Any CPU.ActiveCfg = Debug|Any CPU
		{DEC474F1-2EC0-4318-83AF-32047E2608BF}.Debug|Any CPU.Build.0 = Debug|Any CPU
	EndGlobalSection
	GlobalSection(SolutionProperties) = preSolution
		HideSolutionNode = FALSE
	EndGlobalSection
EndGlobal
